
Microsoft Visual Studio Solution File, Format Version 12.00
# Visual Studio Version 17
VisualStudioVersion = 17.3.32929.385
MinimumVisualStudioVersion = 10.0.40219.1
Project("{FAE04EC0-301F-11D3-BF4B-00C04F79EFBC}") = "CryptoTool", "CryptoTool\CryptoTool.csproj", "{851F38D3-93C8-4D5A-9230-C3EF01AA4E96}"
EndProject
Global
	GlobalSection(SolutionConfigurationPlatforms) = preSolution
		Debug|Any CPU = Debug|Any CPU
		Release|Any CPU = Release|Any CPU
	EndGlobalSection
	GlobalSection(ProjectConfigurationPlatforms) = postSolution
		{851F38D3-93C8-4D5A-9230-C3EF01AA4E96}.Debug|Any CPU.ActiveCfg = Debug|Any CPU
		{851F38D3-93C8-4D5A-9230-C3EF01AA4E96}.Debug|Any CPU.Build.0 = Debug|Any CPU
		{851F38D3-93C8-4D5A-9230-C3EF01AA4E96}.Release|Any CPU.ActiveCfg = Release|Any CPU
		{851F38D3-93C8-4D5A-9230-C3EF01AA4E96}.Release|Any CPU.Build.0 = Release|Any CPU
	EndGlobalSection
	GlobalSection(SolutionProperties) = preSolution
		HideSolutionNode = FALSE
	EndGlobalSection
	GlobalSection(ExtensibilityGlobals) = postSolution
		SolutionGuid = {CF673271-8F04-45AE-9468-842D18EA202A}
	EndGlobalSection
EndGlobal
